PODS:
  - Flutter (1.0.0)
  - fluttertoast (0.0.2):
    - Flutter
    - Toast
  - MTBBarcodeScanner (5.0.11)
  - path_provider_ios (0.0.1):
    - Flutter
  - qr_code_scanner (0.2.0):
    - Flutter
    - MTBBarcodeScanner
  - Stripe (21.9.1):
    - Stripe/Stripe3DS2 (= 21.9.1)
    - StripeCore (= 21.9.1)
    - StripeUICore (= 21.9.1)
  - Stripe/Stripe3DS2 (21.9.1):
    - StripeCore (= 21.9.1)
    - StripeUICore (= 21.9.1)
  - stripe_ios (0.0.1):
    - Flutter
    - Stripe (~> 21.9.0)
  - StripeCore (21.9.1)
  - StripeUICore (21.9.1):
    - StripeCore (= 21.9.1)
  - Toast (4.0.0)

DEPENDENCIES:
  - Flutter (from `Flutter`)
  - fluttertoast (from `.symlinks/plugins/fluttertoast/ios`)
  - path_provider_ios (from `.symlinks/plugins/path_provider_ios/ios`)
  - qr_code_scanner (from `.symlinks/plugins/qr_code_scanner/ios`)
  - stripe_ios (from `.symlinks/plugins/stripe_ios/ios`)

SPEC REPOS:
  trunk:
    - MTBBarcodeScanner
    - Stripe
    - StripeCore
    - StripeUICore
    - Toast

EXTERNAL SOURCES:
  Flutter:
    :path: Flutter
  fluttertoast:
    :path: ".symlinks/plugins/fluttertoast/ios"
  path_provider_ios:
    :path: ".symlinks/plugins/path_provider_ios/ios"
  qr_code_scanner:
    :path: ".symlinks/plugins/qr_code_scanner/ios"
  stripe_ios:
    :path: ".symlinks/plugins/stripe_ios/ios"

SPEC CHECKSUMS:
  Flutter: 50d75fe2f02b26cc09d224853bb45737f8b3214a
  fluttertoast: 6122fa75143e992b1d3470f61000f591a798cc58
  MTBBarcodeScanner: f453b33c4b7dfe545d8c6484ed744d55671788cb
  path_provider_ios: 7d7ce634493af4477d156294792024ec3485acd5
  qr_code_scanner: bb67d64904c3b9658ada8c402e8b4d406d5d796e
  Stripe: 22c1b8da5ee20a1aaf40fd198160efa72e71644a
  stripe_ios: fce03ba840e641cc31ff5bdb67f5d5b9c938b897
  StripeCore: 91ea038ac0abbb72f11014044dfd1e5d39089714
  StripeUICore: 7edf64b24c9c178bfd97e988f2cffdbb7a7628b0
  Toast: 91b396c56ee72a5790816f40d3a94dd357abc196

PODFILE CHECKSUM: 4b21526f2bd83cf4c62d5d1d099ee9b6a50e9687

COCOAPODS: 1.11.2
